
Microsoft Visual Studio Solution File, Format Version 12.00
# Visual Studio Version 17
VisualStudioVersion = 17.8.34525.116
MinimumVisualStudioVersion = 10.0.40219.1
Project("{FAE04EC0-301F-11D3-BF4B-00C04F79EFBC}") = "Week8EpicGame", "Week8EpicGame\Week8EpicGame.csproj", "{9C2FF2B5-A749-43AD-9E71-759704C5DB9D}"
EndProject
Global
	GlobalSection(SolutionConfigurationPlatforms) = preSolution
		Debug|Any CPU = Debug|Any CPU
		Release|Any CPU = Release|Any CPU
	EndGlobalSection
	GlobalSection(ProjectConfigurationPlatforms) = postSolution
		{9C2FF2B5-A749-43AD-9E71-759704C5DB9D}.Debug|Any CPU.ActiveCfg = Debug|Any CPU
		{9C2FF2B5-A749-43AD-9E71-759704C5DB9D}.Debug|Any CPU.Build.0 = Debug|Any CPU
		{9C2FF2B5-A749-43AD-9E71-759704C5DB9D}.Release|Any CPU.ActiveCfg = Release|Any CPU
		{9C2FF2B5-A749-43AD-9E71-759704C5DB9D}.Release|Any CPU.Build.0 = Release|Any CPU
	EndGlobalSection
	GlobalSection(SolutionProperties) = preSolution
		HideSolutionNode = FALSE
	EndGlobalSection
	GlobalSection(ExtensibilityGlobals) = postSolution
		SolutionGuid = {137B1009-4B67-4931-8473-AACC7B782C0A}
	EndGlobalSection
EndGlobal
